PODS:
  - AgoraRtcEngine_iOS (2.3.3)
  - React (0.59.3):
    - React/Core (= 0.59.3)
  - react-native-agora (2.3.3-alpha.5):
    - AgoraRtcEngine_iOS (= 2.3.3)
    - React
    - react-native-agora/AgoraRtcCryptoLoader (= 2.3.3-alpha.5)
  - react-native-agora/AgoraRtcCryptoLoader (2.3.3-alpha.5):
    - AgoraRtcEngine_iOS (= 2.3.3)
    - React
  - React/Core (0.59.3):
    - yoga (= 0.59.3.React)
  - RNGestureHandler (1.0.17):
    - React
  - yoga (0.59.3.React)

DEPENDENCIES:
  - React (from `../node_modules/react-native`)
  - react-native-agora (from `../node_modules/react-native-agora`)
  - RNGestureHandler (from `../node_modules/react-native-gesture-handler`)
  - yoga (from `../node_modules/react-native/ReactCommon/yoga`)

SPEC REPOS:
  https://github.com/cocoapods/specs.git:
    - AgoraRtcEngine_iOS

EXTERNAL SOURCES:
  React:
    :path: "../node_modules/react-native"
  react-native-agora:
    :path: "../node_modules/react-native-agora"
  RNGestureHandler:
    :path: "../node_modules/react-native-gesture-handler"
  yoga:
    :path: "../node_modules/react-native/ReactCommon/yoga"

SPEC CHECKSUMS:
  AgoraRtcEngine_iOS: 8ad4b58dafed2cec5df03fa1f0ddbdad2c9ff958
  React: 071b31300a00809298177711206572c6f6c1a6e7
  react-native-agora: 23f48267e0d5422da473884bfebd3314013ebb84
  RNGestureHandler: c33871a91c10f7b4df79d1829fc8fe0d8ada0df0
  yoga: 1a492113f66a35e9e583bb0434f4b8cc668dd839

PODFILE CHECKSUM: cc387d508d28b0d4e6bda9f09c1eb627ce54be76

COCOAPODS: 1.6.1
